# THIS IS AN AUTOGENERATED FILE. DO NOT EDIT THIS FILE DIRECTLY.
# yarn lockfile v1


"@openzeppelin/contracts@^5.0.0":
  version "5.0.0"
  resolved "https://registry.yarnpkg.com/@openzeppelin/contracts/-/contracts-5.0.0.tgz#ee0e4b4564f101a5c4ee398cd4d73c0bd92b289c"
  integrity sha512-bv2sdS6LKqVVMLI5+zqnNrNU/CA+6z6CmwFXm/MzmOPBRSO5reEJN7z0Gbzvs0/bv/MZZXNklubpwy3v2+azsw==

forge-std@^1.1.2:
  version "1.1.2"
  resolved "https://registry.yarnpkg.com/forge-std/-/forge-std-1.1.2.tgz#f4a0eda103538d56f9c563f3cd1fa2fd01bd9378"
  integrity sha512-Wfb0iAS9PcfjMKtGpWQw9mXzJxrWD62kJCUqqLcyuI0+VRtJ3j20XembjF3kS20qELYdXft1vD/SPFVWVKMFOw==
